
Microsoft Visual Studio Solution File, Format Version 12.00
# Visual Studio Version 17
VisualStudioVersion = 17.3.32804.467
MinimumVisualStudioVersion = 10.0.40219.1
Project("{FAE04EC0-301F-11D3-BF4B-00C04F79EFBC}") = "SortingHat", "SortingHat\SortingHat.csproj", "{EC81051E-F1DE-45B4-9AE2-AFA6F9B0BA63}"
EndProject
Global
	GlobalSection(SolutionConfigurationPlatforms) = preSolution
		Debug|Any CPU = Debug|Any CPU
		Release|Any CPU = Release|Any CPU
	EndGlobalSection
	GlobalSection(ProjectConfigurationPlatforms) = postSolution
		{EC81051E-F1DE-45B4-9AE2-AFA6F9B0BA63}.Debug|Any CPU.ActiveCfg = Debug|Any CPU
		{EC81051E-F1DE-45B4-9AE2-AFA6F9B0BA63}.Debug|Any CPU.Build.0 = Debug|Any CPU
		{EC81051E-F1DE-45B4-9AE2-AFA6F9B0BA63}.Release|Any CPU.ActiveCfg = Release|Any CPU
		{EC81051E-F1DE-45B4-9AE2-AFA6F9B0BA63}.Release|Any CPU.Build.0 = Release|Any CPU
	EndGlobalSection
	GlobalSection(SolutionProperties) = preSolution
		HideSolutionNode = FALSE
	EndGlobalSection
	GlobalSection(ExtensibilityGlobals) = postSolution
		SolutionGuid = {198C6B61-CAD9-457A-8732-357D6CD6B961}
	EndGlobalSection
EndGlobal
